
Microsoft Visual Studio Solution File, Format Version 12.00
# Visual Studio Version 17
VisualStudioVersion = 17.11.35327.3
MinimumVisualStudioVersion = 10.0.40219.1
Project("{9A19103F-16F7-4668-BE54-9A1E7A4F7556}") = "CoreProjectPortfolio", "CoreProjectPortfolio\CoreProjectPortfolio.csproj", "{BFD9B369-37B7-43EF-85BE-753E825583B8}"
EndProject
Project("{9A19103F-16F7-4668-BE54-9A1E7A4F7556}") = "BusinessLayer", "BusinessLayer\BusinessLayer.csproj", "{85B7CB9A-9797-42A5-A916-6B02F935A379}"
EndProject
Project("{9A19103F-16F7-4668-BE54-9A1E7A4F7556}") = "DataAccessLayer", "DataAccessLayer\DataAccessLayer.csproj", "{F243656D-3DFB-4D97-A9A2-8A043EE22602}"
EndProject
Project("{9A19103F-16F7-4668-BE54-9A1E7A4F7556}") = "EntityLayer", "EntityLayer\EntityLayer.csproj", "{C0136D84-6AB0-44D2-850F-A68EB3E3FF9D}"
EndProject
Project("{FAE04EC0-301F-11D3-BF4B-00C04F79EFBC}") = "Core_Proje_Api", "Core_Proje_Api\Core_Proje_Api.csproj", "{F1B374FC-6B55-47AD-8324-CC9838A5CC47}"
EndProject
Global
	GlobalSection(SolutionConfigurationPlatforms) = preSolution
		Debug|Any CPU = Debug|Any CPU
		Release|Any CPU = Release|Any CPU
	EndGlobalSection
	GlobalSection(ProjectConfigurationPlatforms) = postSolution
		{BFD9B369-37B7-43EF-85BE-753E825583B8}.Debug|Any CPU.ActiveCfg = Debug|Any CPU
		{BFD9B369-37B7-43EF-85BE-753E825583B8}.Debug|Any CPU.Build.0 = Debug|Any CPU
		{BFD9B369-37B7-43EF-85BE-753E825583B8}.Release|Any CPU.ActiveCfg = Release|Any CPU
		{BFD9B369-37B7-43EF-85BE-753E825583B8}.Release|Any CPU.Build.0 = Release|Any CPU
		{85B7CB9A-9797-42A5-A916-6B02F935A379}.Debug|Any CPU.ActiveCfg = Debug|Any CPU
		{85B7CB9A-9797-42A5-A916-6B02F935A379}.Debug|Any CPU.Build.0 = Debug|Any CPU
		{85B7CB9A-9797-42A5-A916-6B02F935A379}.Release|Any CPU.ActiveCfg = Release|Any CPU
		{85B7CB9A-9797-42A5-A916-6B02F935A379}.Release|Any CPU.Build.0 = Release|Any CPU
		{F243656D-3DFB-4D97-A9A2-8A043EE22602}.Debug|Any CPU.ActiveCfg = Debug|Any CPU
		{F243656D-3DFB-4D97-A9A2-8A043EE22602}.Debug|Any CPU.Build.0 = Debug|Any CPU
		{F243656D-3DFB-4D97-A9A2-8A043EE22602}.Release|Any CPU.ActiveCfg = Release|Any CPU
		{F243656D-3DFB-4D97-A9A2-8A043EE22602}.Release|Any CPU.Build.0 = Release|Any CPU
		{C0136D84-6AB0-44D2-850F-A68EB3E3FF9D}.Debug|Any CPU.ActiveCfg = Debug|Any CPU
		{C0136D84-6AB0-44D2-850F-A68EB3E3FF9D}.Debug|Any CPU.Build.0 = Debug|Any CPU
		{C0136D84-6AB0-44D2-850F-A68EB3E3FF9D}.Release|Any CPU.ActiveCfg = Release|Any CPU
		{C0136D84-6AB0-44D2-850F-A68EB3E3FF9D}.Release|Any CPU.Build.0 = Release|Any CPU
		{F1B374FC-6B55-47AD-8324-CC9838A5CC47}.Debug|Any CPU.ActiveCfg = Debug|Any CPU
		{F1B374FC-6B55-47AD-8324-CC9838A5CC47}.Debug|Any CPU.Build.0 = Debug|Any CPU
		{F1B374FC-6B55-47AD-8324-CC9838A5CC47}.Release|Any CPU.ActiveCfg = Release|Any CPU
		{F1B374FC-6B55-47AD-8324-CC9838A5CC47}.Release|Any CPU.Build.0 = Release|Any CPU
	EndGlobalSection
	GlobalSection(SolutionProperties) = preSolution
		HideSolutionNode = FALSE
	EndGlobalSection
	GlobalSection(ExtensibilityGlobals) = postSolution
		SolutionGuid = {DA066E81-C911-4754-A4CF-EA917BB87121}
	EndGlobalSection
EndGlobal
